
Microsoft Visual Studio Solution File, Format Version 12.00
# Visual Studio Version 17
VisualStudioVersion = 17.12.35521.163 d17.12
MinimumVisualStudioVersion = 10.0.40219.1
Project("{FAE04EC0-301F-11D3-BF4B-00C04F79EFBC}") = "StoreKeys", "StoreKeys\StoreKeys.csproj", "{72A0E013-B0A6-4255-B2FC-BA6DC158BC4F}"
EndProject
Project("{FAE04EC0-301F-11D3-BF4B-00C04F79EFBC}") = "StoreKeys.Core", "StoreKeys.Core\StoreKeys.Core.csproj", "{D288B0D0-2F38-4872-9A08-D48A166988F2}"
EndProject
Project("{2150E333-8FDC-42A3-9474-1A3956D46DE8}") = "Tests", "Tests", "{0B507BCC-9736-4729-B2A5-EEEA2B8995A6}"
EndProject
Project("{FAE04EC0-301F-11D3-BF4B-00C04F79EFBC}") = "StroreKeys.Encryption", "StroreKeys.Encryption\StroreKeys.Encryption.csproj", "{64EF7C89-A901-4E1B-B181-AB9DB35E5668}"
EndProject
Global
	GlobalSection(SolutionConfigurationPlatforms) = preSolution
		Debug|Any CPU = Debug|Any CPU
		Release|Any CPU = Release|Any CPU
	EndGlobalSection
	GlobalSection(ProjectConfigurationPlatforms) = postSolution
		{72A0E013-B0A6-4255-B2FC-BA6DC158BC4F}.Debug|Any CPU.ActiveCfg = Debug|Any CPU
		{72A0E013-B0A6-4255-B2FC-BA6DC158BC4F}.Debug|Any CPU.Build.0 = Debug|Any CPU
		{72A0E013-B0A6-4255-B2FC-BA6DC158BC4F}.Release|Any CPU.ActiveCfg = Release|Any CPU
		{72A0E013-B0A6-4255-B2FC-BA6DC158BC4F}.Release|Any CPU.Build.0 = Release|Any CPU
		{D288B0D0-2F38-4872-9A08-D48A166988F2}.Debug|Any CPU.ActiveCfg = Debug|Any CPU
		{D288B0D0-2F38-4872-9A08-D48A166988F2}.Debug|Any CPU.Build.0 = Debug|Any CPU
		{D288B0D0-2F38-4872-9A08-D48A166988F2}.Release|Any CPU.ActiveCfg = Release|Any CPU
		{D288B0D0-2F38-4872-9A08-D48A166988F2}.Release|Any CPU.Build.0 = Release|Any CPU
		{64EF7C89-A901-4E1B-B181-AB9DB35E5668}.Debug|Any CPU.ActiveCfg = Debug|Any CPU
		{64EF7C89-A901-4E1B-B181-AB9DB35E5668}.Debug|Any CPU.Build.0 = Debug|Any CPU
		{64EF7C89-A901-4E1B-B181-AB9DB35E5668}.Release|Any CPU.ActiveCfg = Release|Any CPU
		{64EF7C89-A901-4E1B-B181-AB9DB35E5668}.Release|Any CPU.Build.0 = Release|Any CPU
	EndGlobalSection
	GlobalSection(SolutionProperties) = preSolution
		HideSolutionNode = FALSE
	EndGlobalSection
EndGlobal
